
Microsoft Visual Studio Solution File, Format Version 12.00
# Visual Studio Version 16
VisualStudioVersion = 16.0.31205.134
MinimumVisualStudioVersion = 10.0.40219.1
Project("{FAE04EC0-301F-11D3-BF4B-00C04F79EFBC}") = "Exercise1", "Exercise1\Exercise1.csproj", "{0E9699DD-5F3A-495D-AA3D-9D6EB4B9A046}"
EndProject
Global
	GlobalSection(SolutionConfigurationPlatforms) = preSolution
		Debug|Any CPU = Debug|Any CPU
		Release|Any CPU = Release|Any CPU
	EndGlobalSection
	GlobalSection(ProjectConfigurationPlatforms) = postSolution
		{0E9699DD-5F3A-495D-AA3D-9D6EB4B9A046}.Debug|Any CPU.ActiveCfg = Debug|Any CPU
		{0E9699DD-5F3A-495D-AA3D-9D6EB4B9A046}.Debug|Any CPU.Build.0 = Debug|Any CPU
		{0E9699DD-5F3A-495D-AA3D-9D6EB4B9A046}.Release|Any CPU.ActiveCfg = Release|Any CPU
		{0E9699DD-5F3A-495D-AA3D-9D6EB4B9A046}.Release|Any CPU.Build.0 = Release|Any CPU
	EndGlobalSection
	GlobalSection(SolutionProperties) = preSolution
		HideSolutionNode = FALSE
	EndGlobalSection
	GlobalSection(ExtensibilityGlobals) = postSolution
		SolutionGuid = {15EFD243-C10F-4F6F-9353-F78DF59B230D}
	EndGlobalSection
EndGlobal
