
Microsoft Visual Studio Solution File, Format Version 12.00
# Visual Studio Version 16
VisualStudioVersion = 16.0.31205.134
MinimumVisualStudioVersion = 10.0.40219.1
Project("{FAE04EC0-301F-11D3-BF4B-00C04F79EFBC}") = "Exercise6", "Exercise6\Exercise6.csproj", "{268C27CF-85A2-4B4C-9979-002FCA23E0D2}"
EndProject
Global
	GlobalSection(SolutionConfigurationPlatforms) = preSolution
		Debug|Any CPU = Debug|Any CPU
		Release|Any CPU = Release|Any CPU
	EndGlobalSection
	GlobalSection(ProjectConfigurationPlatforms) = postSolution
		{268C27CF-85A2-4B4C-9979-002FCA23E0D2}.Debug|Any CPU.ActiveCfg = Debug|Any CPU
		{268C27CF-85A2-4B4C-9979-002FCA23E0D2}.Debug|Any CPU.Build.0 = Debug|Any CPU
		{268C27CF-85A2-4B4C-9979-002FCA23E0D2}.Release|Any CPU.ActiveCfg = Release|Any CPU
		{268C27CF-85A2-4B4C-9979-002FCA23E0D2}.Release|Any CPU.Build.0 = Release|Any CPU
	EndGlobalSection
	GlobalSection(SolutionProperties) = preSolution
		HideSolutionNode = FALSE
	EndGlobalSection
	GlobalSection(ExtensibilityGlobals) = postSolution
		SolutionGuid = {EB59749A-B53C-45C9-8268-845EE19919EB}
	EndGlobalSection
EndGlobal
