
Microsoft Visual Studio Solution File, Format Version 12.00
# Visual Studio Version 16
VisualStudioVersion = 16.0.31205.134
MinimumVisualStudioVersion = 10.0.40219.1
Project("{FAE04EC0-301F-11D3-BF4B-00C04F79EFBC}") = "Exercise11", "Exercise11\Exercise11.csproj", "{67A9DA25-9F11-4BCA-9D6D-8D1BBD9E6905}"
EndProject
Global
	GlobalSection(SolutionConfigurationPlatforms) = preSolution
		Debug|Any CPU = Debug|Any CPU
		Release|Any CPU = Release|Any CPU
	EndGlobalSection
	GlobalSection(ProjectConfigurationPlatforms) = postSolution
		{67A9DA25-9F11-4BCA-9D6D-8D1BBD9E6905}.Debug|Any CPU.ActiveCfg = Debug|Any CPU
		{67A9DA25-9F11-4BCA-9D6D-8D1BBD9E6905}.Debug|Any CPU.Build.0 = Debug|Any CPU
		{67A9DA25-9F11-4BCA-9D6D-8D1BBD9E6905}.Release|Any CPU.ActiveCfg = Release|Any CPU
		{67A9DA25-9F11-4BCA-9D6D-8D1BBD9E6905}.Release|Any CPU.Build.0 = Release|Any CPU
	EndGlobalSection
	GlobalSection(SolutionProperties) = preSolution
		HideSolutionNode = FALSE
	EndGlobalSection
	GlobalSection(ExtensibilityGlobals) = postSolution
		SolutionGuid = {F2AE947D-581F-4FC1-9D89-0E561157CBBE}
	EndGlobalSection
EndGlobal
