
Microsoft Visual Studio Solution File, Format Version 12.00
# Visual Studio Version 16
VisualStudioVersion = 16.0.31205.134
MinimumVisualStudioVersion = 10.0.40219.1
Project("{FAE04EC0-301F-11D3-BF4B-00C04F79EFBC}") = "Exercise4", "Exercise4\Exercise4.csproj", "{A3382F60-7925-4E4F-A1FC-D3F8DFA84098}"
EndProject
Global
	GlobalSection(SolutionConfigurationPlatforms) = preSolution
		Debug|Any CPU = Debug|Any CPU
		Release|Any CPU = Release|Any CPU
	EndGlobalSection
	GlobalSection(ProjectConfigurationPlatforms) = postSolution
		{A3382F60-7925-4E4F-A1FC-D3F8DFA84098}.Debug|Any CPU.ActiveCfg = Debug|Any CPU
		{A3382F60-7925-4E4F-A1FC-D3F8DFA84098}.Debug|Any CPU.Build.0 = Debug|Any CPU
		{A3382F60-7925-4E4F-A1FC-D3F8DFA84098}.Release|Any CPU.ActiveCfg = Release|Any CPU
		{A3382F60-7925-4E4F-A1FC-D3F8DFA84098}.Release|Any CPU.Build.0 = Release|Any CPU
	EndGlobalSection
	GlobalSection(SolutionProperties) = preSolution
		HideSolutionNode = FALSE
	EndGlobalSection
	GlobalSection(ExtensibilityGlobals) = postSolution
		SolutionGuid = {A1492292-D4AE-4A0F-AEEB-6A36D8F94405}
	EndGlobalSection
EndGlobal
